<?xml version="1.0" encoding="utf-8"?>
<Project ToolsVersion="4.0" xmlns="http://schemas.microsoft.com/developer/msbuild/2003">
  <ItemGroup>
    <ClCompile Include="Source\SceneFactory.cpp" />
    <ClCompile Include="Library\App.cpp">
      <Filter>Library</Filter>
    </ClCompile>
    <ClCompile Include="Library\main.cpp">
      <Filter>Library</Filter>
    </ClCompile>
    <ClCompile Include="Source\BootScene.cpp">
      <Filter>BootScene</Filter>
    </ClCompile>
    <ClCompile Include="Source\TitleScene.cpp">
      <Filter>TitleScene</Filter>
    </ClCompile>
    <ClCompile Include="Source\PlayScene.cpp">
      <Filter>PlayScene</Filter>
    </ClCompile>
    <ClCompile Include="ImGui\imgui.cpp">
      <Filter>ImGui</Filter>
    </ClCompile>
    <ClCompile Include="ImGui\imgui_draw.cpp">
      <Filter>ImGui</Filter>
    </ClCompile>
    <ClCompile Include="ImGui\imgui_impl_dx9.cpp">
      <Filter>ImGui</Filter>
    </ClCompile>
    <ClCompile Include="ImGui\imgui_impl_dx11.cpp">
      <Filter>ImGui</Filter>
    </ClCompile>
    <ClCompile Include="ImGui\imgui_impl_win32.cpp">
      <Filter>ImGui</Filter>
    </ClCompile>
    <ClCompile Include="ImGui\imgui_ja_gryph_ranges.cpp">
      <Filter>ImGui</Filter>
    </ClCompile>
    <ClCompile Include="ImGui\imgui_tables.cpp">
      <Filter>ImGui</Filter>
    </ClCompile>
    <ClCompile Include="ImGui\imgui_widgets.cpp">
      <Filter>ImGui</Filter>
    </ClCompile>
    <ClCompile Include="Library\ObjectManager.cpp">
      <Filter>Library</Filter>
    </ClCompile>
    <ClCompile Include="Library\SceneManager.cpp">
      <Filter>Library</Filter>
    </ClCompile>
    <ClCompile Include="Library\Time.cpp">
      <Filter>Library</Filter>
    </ClCompile>
    <ClCompile Include="Source\objectBase.cpp">
      <Filter>common\Object</Filter>
    </ClCompile>
    <ClCompile Include="Source\object2D.cpp">
      <Filter>common\Object</Filter>
    </ClCompile>
    <ClCompile Include="Source\Transform.cpp">
      <Filter>common</Filter>
    </ClCompile>
    <ClCompile Include="Source\object3D.cpp">
      <Filter>common\Object</Filter>
    </ClCompile>
    <ClCompile Include="Source\collision.cpp">
      <Filter>common\Object</Filter>
    </ClCompile>
    <ClCompile Include="Source\csvReader.cpp">
      <Filter>common</Filter>
    </ClCompile>
    <ClCompile Include="Source\imageSynthesis.cpp">
      <Filter>common</Filter>
    </ClCompile>
    <ClCompile Include="Source\SoundManager.cpp">
      <Filter>common</Filter>
    </ClCompile>
    <ClCompile Include="Source\input\inputManager.cpp">
      <Filter>common\input</Filter>
    </ClCompile>
    <ClCompile Include="Source\main\mainControl.cpp">
      <Filter>PlayScene\main</Filter>
    </ClCompile>
    <ClCompile Include="Source\main\creditMedal.cpp">
      <Filter>PlayScene\main</Filter>
    </ClCompile>
    <ClCompile Include="Source\main\flagLottery.cpp">
      <Filter>PlayScene\main</Filter>
    </ClCompile>
    <ClCompile Include="Source\Sub\SubA\SubAManager.cpp">
      <Filter>PlayScene\Sub\SubA</Filter>
    </ClCompile>
    <ClCompile Include="Source\Sub\SubB\SubBManager.cpp">
      <Filter>PlayScene\Sub\SubB</Filter>
    </ClCompile>
    <ClCompile Include="Source\Camera\Camera.cpp">
      <Filter>PlayScene\Camera</Filter>
    </ClCompile>
    <ClCompile Include="Source\Mao\Mao.cpp">
      <Filter>PlayScene\Mao</Filter>
    </ClCompile>
  </ItemGroup>
  <ItemGroup>
    <ClInclude Include="Source\Screen.h" />
    <ClInclude Include="Source\SceneFactory.h" />
    <ClInclude Include="Library\App.h">
      <Filter>Library</Filter>
    </ClInclude>
    <ClInclude Include="Library\SceneBase.h">
      <Filter>Library</Filter>
    </ClInclude>
    <ClInclude Include="Library\GameObject.h">
      <Filter>Library</Filter>
    </ClInclude>
    <ClInclude Include="Source\BootScene.h">
      <Filter>BootScene</Filter>
    </ClInclude>
    <ClInclude Include="Source\TitleScene.h">
      <Filter>TitleScene</Filter>
    </ClInclude>
    <ClInclude Include="Source\PlayScene.h">
      <Filter>PlayScene</Filter>
    </ClInclude>
    <ClInclude Include="ImGui\imconfig.h">
      <Filter>ImGui</Filter>
    </ClInclude>
    <ClInclude Include="ImGui\imgui.h">
      <Filter>ImGui</Filter>
    </ClInclude>
    <ClInclude Include="ImGui\imgui_impl_dx9.h">
      <Filter>ImGui</Filter>
    </ClInclude>
    <ClInclude Include="ImGui\imgui_impl_dx11.h">
      <Filter>ImGui</Filter>
    </ClInclude>
    <ClInclude Include="ImGui\imgui_impl_dxlib.hpp">
      <Filter>ImGui</Filter>
    </ClInclude>
    <ClInclude Include="ImGui\imgui_impl_win32.h">
      <Filter>ImGui</Filter>
    </ClInclude>
    <ClInclude Include="ImGui\imgui_internal.h">
      <Filter>ImGui</Filter>
    </ClInclude>
    <ClInclude Include="ImGui\imstb_rectpack.h">
      <Filter>ImGui</Filter>
    </ClInclude>
    <ClInclude Include="ImGui\imstb_textedit.h">
      <Filter>ImGui</Filter>
    </ClInclude>
    <ClInclude Include="ImGui\imstb_truetype.h">
      <Filter>ImGui</Filter>
    </ClInclude>
    <ClInclude Include="Library\ObjectManager.h">
      <Filter>Library</Filter>
    </ClInclude>
    <ClInclude Include="Library\SceneManager.h">
      <Filter>Library</Filter>
    </ClInclude>
    <ClInclude Include="Library\Time.h">
      <Filter>Library</Filter>
    </ClInclude>
    <ClInclude Include="Library\myDxLib.h">
      <Filter>Library</Filter>
    </ClInclude>
    <ClInclude Include="Source\objectBase.h">
      <Filter>common\Object</Filter>
    </ClInclude>
    <ClInclude Include="Source\object2D.h">
      <Filter>common\Object</Filter>
    </ClInclude>
    <ClInclude Include="Source\Transform.h">
      <Filter>common</Filter>
    </ClInclude>
    <ClInclude Include="Source\object3D.h">
      <Filter>common\Object</Filter>
    </ClInclude>
    <ClInclude Include="Source\collision.h">
      <Filter>common\Object</Filter>
    </ClInclude>
    <ClInclude Include="Source\randomInput.h">
      <Filter>common</Filter>
    </ClInclude>
    <ClInclude Include="Source\csvReader.h">
      <Filter>common</Filter>
    </ClInclude>
    <ClInclude Include="Source\imageSynthesis.h">
      <Filter>common</Filter>
    </ClInclude>
    <ClInclude Include="Source\SoundManager.h">
      <Filter>common</Filter>
    </ClInclude>
    <ClInclude Include="Source\StateBase.h">
      <Filter>common</Filter>
    </ClInclude>
    <ClInclude Include="Source\input\inputManager.h">
      <Filter>common\input</Filter>
    </ClInclude>
    <ClInclude Include="Source\main\mainControl.h">
      <Filter>PlayScene\main</Filter>
    </ClInclude>
    <ClInclude Include="Source\main\creditMedal.h">
      <Filter>PlayScene\main</Filter>
    </ClInclude>
    <ClInclude Include="Source\main\flagLottery.h">
      <Filter>PlayScene\main</Filter>
    </ClInclude>
    <ClInclude Include="Source\Sub\SubA\SubAManager.h">
      <Filter>PlayScene\Sub\SubA</Filter>
    </ClInclude>
    <ClInclude Include="Source\Sub\SubB\SubBManager.h">
      <Filter>PlayScene\Sub\SubB</Filter>
    </ClInclude>
    <ClInclude Include="Source\Camera\Camera.h">
      <Filter>PlayScene\Camera</Filter>
    </ClInclude>
    <ClInclude Include="Source\Mao\Mao.h">
      <Filter>PlayScene\Mao</Filter>
    </ClInclude>
  </ItemGroup>
  <ItemGroup>
    <Filter Include="Library">
      <UniqueIdentifier>{208c2106-181f-415c-a2e8-fa160c7f8651}</UniqueIdentifier>
    </Filter>
    <Filter Include="BootScene">
      <UniqueIdentifier>{4e7a122b-01b5-4a1f-bdd8-381c4cb2403d}</UniqueIdentifier>
    </Filter>
    <Filter Include="TitleScene">
      <UniqueIdentifier>{a52f9c67-9c6c-4376-8f4c-07a10ecbc3db}</UniqueIdentifier>
    </Filter>
    <Filter Include="PlayScene">
      <UniqueIdentifier>{8123ada4-16d1-40da-a8f3-3f9e93aafb30}</UniqueIdentifier>
    </Filter>
    <Filter Include="ImGui">
      <UniqueIdentifier>{a717257b-67b3-4bfa-834c-1e34032b33b0}</UniqueIdentifier>
    </Filter>
    <Filter Include="common">
      <UniqueIdentifier>{37862be0-0d27-44f8-a3d9-8e0f90e17a88}</UniqueIdentifier>
    </Filter>
    <Filter Include="common\Object">
      <UniqueIdentifier>{165e4fd3-6b62-4ee3-94bd-da25920c3cb4}</UniqueIdentifier>
    </Filter>
    <Filter Include="common\input">
      <UniqueIdentifier>{0470fecd-442c-43f2-8233-4fc9143b5ef1}</UniqueIdentifier>
    </Filter>
    <Filter Include="PlayScene\main">
      <UniqueIdentifier>{eed44056-0fdf-4cc8-9599-922850c43d4f}</UniqueIdentifier>
    </Filter>
    <Filter Include="PlayScene\Sub">
      <UniqueIdentifier>{edadb6a5-b0fa-4b30-a401-3031cdae70f6}</UniqueIdentifier>
    </Filter>
    <Filter Include="PlayScene\Sub\SubA">
      <UniqueIdentifier>{bca781ea-72fb-4b3d-a91c-9858e9361fe1}</UniqueIdentifier>
    </Filter>
    <Filter Include="PlayScene\Sub\SubB">
      <UniqueIdentifier>{5273dbc5-6913-48be-a864-689965642e45}</UniqueIdentifier>
    </Filter>
    <Filter Include="PlayScene\Camera">
      <UniqueIdentifier>{3fcd2b79-58fb-444f-9013-1aaee9faeb03}</UniqueIdentifier>
    </Filter>
    <Filter Include="PlayScene\Mao">
      <UniqueIdentifier>{76b1071b-13d2-4a62-bfe6-f693d969db5d}</UniqueIdentifier>
    </Filter>
  </ItemGroup>
</Project>